// !$*UTF8*$!
{
	archiveVersion = 1;
	classes = {
	};
	objectVersion = 56;
	objects = {

/* Begin PBXBuildFile section */
		8B07E22C2C2003BD009DDD6B /* TaskdetailscreenViewController.swift in Sources */ = {isa = PBXBuildFile; fileRef = 8B07E22B2C2003BD009DDD6B /* TaskdetailscreenViewController.swift */; };
		8B07E22E2C2003D8009DDD6B /* TaskaddViewController.swift in Sources */ = {isa = PBXBuildFile; fileRef = 8B07E22D2C2003D8009DDD6B /* TaskaddViewController.swift */; };
		8B07E2302C2003E8009DDD6B /* TaskeditViewController.swift in Sources */ = {isa = PBXBuildFile; fileRef = 8B07E22F2C2003E8009DDD6B /* TaskeditViewController.swift */; };
		8B07E2322C200400009DDD6B /* DashboardViewController.swift in Sources */ = {isa = PBXBuildFile; fileRef = 8B07E2312C200400009DDD6B /* DashboardViewController.swift */; };
		8B2A261D2C1D5A6700C1D648 /* AppDelegate.swift in Sources */ = {isa = PBXBuildFile; fileRef = 8B2A261C2C1D5A6700C1D648 /* AppDelegate.swift */; };
		8B2A261F2C1D5A6700C1D648 /* SceneDelegate.swift in Sources */ = {isa = PBXBuildFile; fileRef = 8B2A261E2C1D5A6700C1D648 /* SceneDelegate.swift */; };
		8B2A26212C1D5A6700C1D648 /* ViewController.swift in Sources */ = {isa = PBXBuildFile; fileRef = 8B2A26202C1D5A6700C1D648 /* ViewController.swift */; };
		8B2A26242C1D5A6700C1D648 /* Main.storyboard in Resources */ = {isa = PBXBuildFile; fileRef = 8B2A26222C1D5A6700C1D648 /* Main.storyboard */; };
		8B2A26262C1D5A6800C1D648 /* Assets.xcassets in Resources */ = {isa = PBXBuildFile; fileRef = 8B2A26252C1D5A6800C1D648 /* Assets.xcassets */; };
		8B2A26292C1D5A6800C1D648 /* LaunchScreen.storyboard in Resources */ = {isa = PBXBuildFile; fileRef = 8B2A26272C1D5A6800C1D648 /* LaunchScreen.storyboard */; };
		8B2A26342C1D5A6800C1D648 /* iOS_AssignmentTests.swift in Sources */ = {isa = PBXBuildFile; fileRef = 8B2A26332C1D5A6800C1D648 /* iOS_AssignmentTests.swift */; };
		8B2A263E2C1D5A6800C1D648 /* iOS_AssignmentUITests.swift in Sources */ = {isa = PBXBuildFile; fileRef = 8B2A263D2C1D5A6800C1D648 /* iOS_AssignmentUITests.swift */; };
		8B2A26402C1D5A6800C1D648 /* iOS_AssignmentUITestsLaunchTests.swift in Sources */ = {isa = PBXBuildFile; fileRef = 8B2A263F2C1D5A6800C1D648 /* iOS_AssignmentUITestsLaunchTests.swift */; };
/* End PBXBuildFile section */

/* Begin PBXContainerItemProxy section */
		8B2A26302C1D5A6800C1D648 /* PBXContainerItemProxy */ = {
			isa = PBXContainerItemProxy;
			containerPortal = 8B2A26112C1D5A6700C1D648 /* Project object */;
			proxyType = 1;
			remoteGlobalIDString = 8B2A26182C1D5A6700C1D648;
			remoteInfo = "iOS Assignment";
		};
		8B2A263A2C1D5A6800C1D648 /* PBXContainerItemProxy */ = {
			isa = PBXContainerItemProxy;
			containerPortal = 8B2A26112C1D5A6700C1D648 /* Project object */;
			proxyType = 1;
			remoteGlobalIDString = 8B2A26182C1D5A6700C1D648;
			remoteInfo = "iOS Assignment";
		};
/* End PBXContainerItemProxy section */

/* Begin PBXFileReference section */
		8B07E22B2C2003BD009DDD6B /* TaskdetailscreenViewController.swift */ = {isa = PBXFileReference; lastKnownFileType = sourcecode.swift; path = TaskdetailscreenViewController.swift; sourceTree = "<group>"; };
		8B07E22D2C2003D8009DDD6B /* TaskaddViewController.swift */ = {isa = PBXFileReference; lastKnownFileType = sourcecode.swift; path = TaskaddViewController.swift; sourceTree = "<group>"; };
		8B07E22F2C2003E8009DDD6B /* TaskeditViewController.swift */ = {isa = PBXFileReference; lastKnownFileType = sourcecode.swift; path = TaskeditViewController.swift; sourceTree = "<group>"; };
		8B07E2312C200400009DDD6B /* DashboardViewController.swift */ = {isa = PBXFileReference; lastKnownFileType = sourcecode.swift; path = DashboardViewController.swift; sourceTree = "<group>"; };
		8B2A26192C1D5A6700C1D648 /* iOS Assignment.app */ = {isa = PBXFileReference; explicitFileType = wrapper.application; includeInIndex = 0; path = "iOS Assignment.app"; sourceTree = BUILT_PRODUCTS_DIR; };
		8B2A261C2C1D5A6700C1D648 /* AppDelegate.swift */ = {isa = PBXFileReference; lastKnownFileType = sourcecode.swift; path = AppDelegate.swift; sourceTree = "<group>"; };
		8B2A261E2C1D5A6700C1D648 /* SceneDelegate.swift */ = {isa = PBXFileReference; lastKnownFileType = sourcecode.swift; path = SceneDelegate.swift; sourceTree = "<group>"; };
		8B2A26202C1D5A6700C1D648 /* ViewController.swift */ = {isa = PBXFileReference; lastKnownFileType = sourcecode.swift; path = ViewController.swift; sourceTree = "<group>"; };
		8B2A26232C1D5A6700C1D648 /* Base */ = {isa = PBXFileReference; lastKnownFileType = file.storyboard; name = Base; path = Base.lproj/Main.storyboard; sourceTree = "<group>"; };
		8B2A26252C1D5A6800C1D648 /* Assets.xcassets */ = {isa = PBXFileReference; lastKnownFileType = folder.assetcatalog; path = Assets.xcassets; sourceTree = "<group>"; };
		8B2A26282C1D5A6800C1D648 /* Base */ = {isa = PBXFileReference; lastKnownFileType = file.storyboard; name = Base; path = Base.lproj/LaunchScreen.storyboard; sourceTree = "<group>"; };
		8B2A262A2C1D5A6800C1D648 /* Info.plist */ = {isa = PBXFileReference; lastKnownFileType = text.plist.xml; path = Info.plist; sourceTree = "<group>"; };
		8B2A262F2C1D5A6800C1D648 /* iOS AssignmentTests.xctest */ = {isa = PBXFileReference; explicitFileType = wrapper.cfbundle; includeInIndex = 0; path = "iOS AssignmentTests.xctest"; sourceTree = BUILT_PRODUCTS_DIR; };
		8B2A26332C1D5A6800C1D648 /* iOS_AssignmentTests.swift */ = {isa = PBXFileReference; lastKnownFileType = sourcecode.swift; path = iOS_AssignmentTests.swift; sourceTree = "<group>"; };
		8B2A26392C1D5A6800C1D648 /* iOS AssignmentUITests.xctest */ = {isa = PBXFileReference; explicitFileType = wrapper.cfbundle; includeInIndex = 0; path = "iOS AssignmentUITests.xctest"; sourceTree = BUILT_PRODUCTS_DIR; };
		8B2A263D2C1D5A6800C1D648 /* iOS_AssignmentUITests.swift */ = {isa = PBXFileReference; lastKnownFileType = sourcecode.swift; path = iOS_AssignmentUITests.swift; sourceTree = "<group>"; };
		8B2A263F2C1D5A6800C1D648 /* iOS_AssignmentUITestsLaunchTests.swift */ = {isa = PBXFileReference; lastKnownFileType = sourcecode.swift; path = iOS_AssignmentUITestsLaunchTests.swift; sourceTree = "<group>"; };
/* End PBXFileReference section */

/* Begin PBXFrameworksBuildPhase section */
		8B2A26162C1D5A6700C1D648 /* Frameworks */ = {
			isa = PBXFrameworksBuildPhase;
			buildActionMask = 2147483647;
			files = (
			);
			runOnlyForDeploymentPostprocessing = 0;
		};
		8B2A262C2C1D5A6800C1D648 /* Frameworks */ = {
			isa = PBXFrameworksBuildPhase;
			buildActionMask = 2147483647;
			files = (
			);
			runOnlyForDeploymentPostprocessing = 0;
		};
		8B2A26362C1D5A6800C1D648 /* Frameworks */ = {
			isa = PBXFrameworksBuildPhase;
			buildActionMask = 2147483647;
			files = (
			);
			runOnlyForDeploymentPostprocessing = 0;
		};
/* End PBXFrameworksBuildPhase section */

/* Begin PBXGroup section */
		8B2A26102C1D5A6700C1D648 = {
			isa = PBXGroup;
			children = (
				8B2A261B2C1D5A6700C1D648 /* iOS Assignment */,
				8B2A26322C1D5A6800C1D648 /* iOS AssignmentTests */,
				8B2A263C2C1D5A6800C1D648 /* iOS AssignmentUITests */,
				8B2A261A2C1D5A6700C1D648 /* Products */,
			);
			sourceTree = "<group>";
		};
		8B2A261A2C1D5A6700C1D648 /* Products */ = {
			isa = PBXGroup;
			children = (
				8B2A26192C1D5A6700C1D648 /* iOS Assignment.app */,
				8B2A262F2C1D5A6800C1D648 /* iOS AssignmentTests.xctest */,
				8B2A26392C1D5A6800C1D648 /* iOS AssignmentUITests.xctest */,
			);
			name = Products;
			sourceTree = "<group>";
		};
		8B2A261B2C1D5A6700C1D648 /* iOS Assignment */ = {
			isa = PBXGroup;
			children = (
				8B2A261C2C1D5A6700C1D648 /* AppDelegate.swift */,
				8B2A261E2C1D5A6700C1D648 /* SceneDelegate.swift */,
				8B2A26202C1D5A6700C1D648 /* ViewController.swift */,
				8B07E22B2C2003BD009DDD6B /* TaskdetailscreenViewController.swift */,
				8B07E22D2C2003D8009DDD6B /* TaskaddViewController.swift */,
				8B07E22F2C2003E8009DDD6B /* TaskeditViewController.swift */,
				8B07E2312C200400009DDD6B /* DashboardViewController.swift */,
				8B2A26222C1D5A6700C1D648 /* Main.storyboard */,
				8B2A26252C1D5A6800C1D648 /* Assets.xcassets */,
				8B2A26272C1D5A6800C1D648 /* LaunchScreen.storyboard */,
				8B2A262A2C1D5A6800C1D648 /* Info.plist */,
			);
			path = "iOS Assignment";
			sourceTree = "<group>";
		};
		8B2A26322C1D5A6800C1D648 /* iOS AssignmentTests */ = {
			isa = PBXGroup;
			children = (
				8B2A26332C1D5A6800C1D648 /* iOS_AssignmentTests.swift */,
			);
			path = "iOS AssignmentTests";
			sourceTree = "<group>";
		};
		8B2A263C2C1D5A6800C1D648 /* iOS AssignmentUITests */ = {
			isa = PBXGroup;
			children = (
				8B2A263D2C1D5A6800C1D648 /* iOS_AssignmentUITests.swift */,
				8B2A263F2C1D5A6800C1D648 /* iOS_AssignmentUITestsLaunchTests.swift */,
			);
			path = "iOS AssignmentUITests";
			sourceTree = "<group>";
		};
/* End PBXGroup section */

/* Begin PBXNativeTarget section */
		8B2A26182C1D5A6700C1D648 /* iOS Assignment */ = {
			isa = PBXNativeTarget;
			buildConfigurationList = 8B2A26432C1D5A6800C1D648 /* Build configuration list for PBXNativeTarget "iOS Assignment" */;
			buildPhases = (
				8B2A26152C1D5A6700C1D648 /* Sources */,
				8B2A26162C1D5A6700C1D648 /* Frameworks */,
				8B2A26172C1D5A6700C1D648 /* Resources */,
			);
			buildRules = (
			);
			dependencies = (
			);
			name = "iOS Assignment";
			productName = "iOS Assignment";
			productReference = 8B2A26192C1D5A6700C1D648 /* iOS Assignment.app */;
			productType = "com.apple.product-type.application";
		};
		8B2A262E2C1D5A6800C1D648 /* iOS AssignmentTests */ = {
			isa = PBXNativeTarget;
			buildConfigurationList = 8B2A26462C1D5A6800C1D648 /* Build configuration list for PBXNativeTarget "iOS AssignmentTests" */;
			buildPhases = (
				8B2A262B2C1D5A6800C1D648 /* Sources */,
				8B2A262C2C1D5A6800C1D648 /* Frameworks */,
				8B2A262D2C1D5A6800C1D648 /* Resources */,
			);
			buildRules = (
			);
			dependencies = (
				8B2A26312C1D5A6800C1D648 /* PBXTargetDependency */,
			);
			name = "iOS AssignmentTests";
			productName = "iOS AssignmentTests";
			productReference = 8B2A262F2C1D5A6800C1D648 /* iOS AssignmentTests.xctest */;
			productType = "com.apple.product-type.bundle.unit-test";
		};
		8B2A26382C1D5A6800C1D648 /* iOS AssignmentUITests */ = {
			isa = PBXNativeTarget;
			buildConfigurationList = 8B2A26492C1D5A6800C1D648 /* Build configuration list for PBXNativeTarget "iOS AssignmentUITests" */;
			buildPhases = (
				8B2A26352C1D5A6800C1D648 /* Sources */,
				8B2A26362C1D5A6800C1D648 /* Frameworks */,
				8B2A26372C1D5A6800C1D648 /* Resources */,
			);
			buildRules = (
			);
			dependencies = (
				8B2A263B2C1D5A6800C1D648 /* PBXTargetDependency */,
			);
			name = "iOS AssignmentUITests";
			productName = "iOS AssignmentUITests";
			productReference = 8B2A26392C1D5A6800C1D648 /* iOS AssignmentUITests.xctest */;
			productType = "com.apple.product-type.bundle.ui-testing";
		};
/* End PBXNativeTarget section */

/* Begin PBXProject section */
		8B2A26112C1D5A6700C1D648 /* Project object */ = {
			isa = PBXProject;
			attributes = {
				BuildIndependentTargetsInParallel = 1;
				LastSwiftUpdateCheck = 1520;
				LastUpgradeCheck = 1520;
				TargetAttributes = {
					8B2A26182C1D5A6700C1D648 = {
						CreatedOnToolsVersion = 15.2;
					};
					8B2A262E2C1D5A6800C1D648 = {
						CreatedOnToolsVersion = 15.2;
						TestTargetID = 8B2A26182C1D5A6700C1D648;
					};
					8B2A26382C1D5A6800C1D648 = {
						CreatedOnToolsVersion = 15.2;
						TestTargetID = 8B2A26182C1D5A6700C1D648;
					};
				};
			};
			buildConfigurationList = 8B2A26142C1D5A6700C1D648 /* Build configuration list for PBXProject "iOS Assignment" */;
			compatibilityVersion = "Xcode 14.0";
			developmentRegion = en;
			hasScannedForEncodings = 0;
			knownRegions = (
				en,
				Base,
			);
			mainGroup = 8B2A26102C1D5A6700C1D648;
			productRefGroup = 8B2A261A2C1D5A6700C1D648 /* Products */;
			projectDirPath = "";
			projectRoot = "";
			targets = (
				8B2A26182C1D5A6700C1D648 /* iOS Assignment */,
				8B2A262E2C1D5A6800C1D648 /* iOS AssignmentTests */,
				8B2A26382C1D5A6800C1D648 /* iOS AssignmentUITests */,
			);
		};
/* End PBXProject section */

/* Begin PBXResourcesBuildPhase section */
		8B2A26172C1D5A6700C1D648 /* Resources */ = {
			isa = PBXResourcesBuildPhase;
			buildActionMask = 2147483647;
			files = (
				8B2A26292C1D5A6800C1D648 /* LaunchScreen.storyboard in Resources */,
				8B2A26262C1D5A6800C1D648 /* Assets.xcassets in Resources */,
				8B2A26242C1D5A6700C1D648 /* Main.storyboard in Resources */,
			);
			runOnlyForDeploymentPostprocessing = 0;
		};
		8B2A262D2C1D5A6800C1D648 /* Resources */ = {
			isa = PBXResourcesBuildPhase;
			buildActionMask = 2147483647;
			files = (
			);
			runOnlyForDeploymentPostprocessing = 0;
		};
		8B2A26372C1D5A6800C1D648 /* Resources */ = {
			isa = PBXResourcesBuildPhase;
			buildActionMask = 2147483647;
			files = (
			);
			runOnlyForDeploymentPostprocessing = 0;
		};
/* End PBXResourcesBuildPhase section */

/* Begin PBXSourcesBuildPhase section */
		8B2A26152C1D5A6700C1D648 /* Sources */ = {
			isa = PBXSourcesBuildPhase;
			buildActionMask = 2147483647;
			files = (
				8B07E22C2C2003BD009DDD6B /* TaskdetailscreenViewController.swift in Sources */,
				8B07E2322C200400009DDD6B /* DashboardViewController.swift in Sources */,
				8B2A26212C1D5A6700C1D648 /* ViewController.swift in Sources */,
				8B07E22E2C2003D8009DDD6B /* TaskaddViewController.swift in Sources */,
				8B07E2302C2003E8009DDD6B /* TaskeditViewController.swift in Sources */,
				8B2A261D2C1D5A6700C1D648 /* AppDelegate.swift in Sources */,
				8B2A261F2C1D5A6700C1D648 /* SceneDelegate.swift in Sources */,
			);
			runOnlyForDeploymentPostprocessing = 0;
		};
		8B2A262B2C1D5A6800C1D648 /* Sources */ = {
			isa = PBXSourcesBuildPhase;
			buildActionMask = 2147483647;
			files = (
				8B2A26342C1D5A6800C1D648 /* iOS_AssignmentTests.swift in Sources */,
			);
			runOnlyForDeploymentPostprocessing = 0;
		};
		8B2A26352C1D5A6800C1D648 /* Sources */ = {
			isa = PBXSourcesBuildPhase;
			buildActionMask = 2147483647;
			files = (
				8B2A263E2C1D5A6800C1D648 /* iOS_AssignmentUITests.swift in Sources */,
				8B2A26402C1D5A6800C1D648 /* iOS_AssignmentUITestsLaunchTests.swift in Sources */,
			);
			runOnlyForDeploymentPostprocessing = 0;
		};
/* End PBXSourcesBuildPhase section */

/* Begin PBXTargetDependency section */
		8B2A26312C1D5A6800C1D648 /* PBXTargetDependency */ = {
			isa = PBXTargetDependency;
			target = 8B2A26182C1D5A6700C1D648 /* iOS Assignment */;
			targetProxy = 8B2A26302C1D5A6800C1D648 /* PBXContainerItemProxy */;
		};
		8B2A263B2C1D5A6800C1D648 /* PBXTargetDependency */ = {
			isa = PBXTargetDependency;
			target = 8B2A26182C1D5A6700C1D648 /* iOS Assignment */;
			targetProxy = 8B2A263A2C1D5A6800C1D648 /* PBXContainerItemProxy */;
		};
/* End PBXTargetDependency section */

/* Begin PBXVariantGroup section */
		8B2A26222C1D5A6700C1D648 /* Main.storyboard */ = {
			isa = PBXVariantGroup;
			children = (
				8B2A26232C1D5A6700C1D648 /* Base */,
			);
			name = Main.storyboard;
			sourceTree = "<group>";
		};
		8B2A26272C1D5A6800C1D648 /* LaunchScreen.storyboard */ = {
			isa = PBXVariantGroup;
			children = (
				8B2A26282C1D5A6800C1D648 /* Base */,
			);
			name = LaunchScreen.storyboard;
			sourceTree = "<group>";
		};
/* End PBXVariantGroup section */

/* Begin XCBuildConfiguration section */
		8B2A26412C1D5A6800C1D648 /* Debug */ = {
			isa = XCBuildConfiguration;
			buildSettings = {
				ALWAYS_SEARCH_USER_PATHS = NO;
				ASSETCATALOG_COMPILER_GENERATE_SWIFT_ASSET_SYMBOL_EXTENSIONS = YES;
				CLANG_ANALYZER_NONNULL = YES;
				CLANG_ANALYZER_NUMBER_OBJECT_CONVERSION = YES_AGGRESSIVE;
				CLANG_CXX_LANGUAGE_STANDARD = "gnu++20";
				CLANG_ENABLE_MODULES = YES;
				CLANG_ENABLE_OBJC_ARC = YES;
				CLANG_ENABLE_OBJC_WEAK = YES;
				CLANG_WARN_BLOCK_CAPTURE_AUTORELEASING = YES;
				CLANG_WARN_BOOL_CONVERSION = YES;
				CLANG_WARN_COMMA = YES;
				CLANG_WARN_CONSTANT_CONVERSION = YES;
				CLANG_WARN_DEPRECATED_OBJC_IMPLEMENTATIONS = YES;
				CLANG_WARN_DIRECT_OBJC_ISA_USAGE = YES_ERROR;
				CLANG_WARN_DOCUMENTATION_COMMENTS = YES;
				CLANG_WARN_EMPTY_BODY = YES;
				CLANG_WARN_ENUM_CONVERSION = YES;
				CLANG_WARN_INFINITE_RECURSION = YES;
				CLANG_WARN_INT_CONVERSION = YES;
				CLANG_WARN_NON_LITERAL_NULL_CONVERSION = YES;
				CLANG_WARN_OBJC_IMPLICIT_RETAIN_SELF = YES;
				CLANG_WARN_OBJC_LITERAL_CONVERSION = YES;
				CLANG_WARN_OBJC_ROOT_CLASS = YES_ERROR;
				CLANG_WARN_QUOTED_INCLUDE_IN_FRAMEWORK_HEADER = YES;
				CLANG_WARN_RANGE_LOOP_ANALYSIS = YES;
				CLANG_WARN_STRICT_PROTOTYPES = YES;
				CLANG_WARN_SUSPICIOUS_MOVE = YES;
				CLANG_WARN_UNGUARDED_AVAILABILITY = YES_AGGRESSIVE;
				CLANG_WARN_UNREACHABLE_CODE = YES;
				CLANG_WARN__DUPLICATE_METHOD_MATCH = YES;
				COPY_PHASE_STRIP = NO;
				DEBUG_INFORMATION_FORMAT = dwarf;
				ENABLE_STRICT_OBJC_MSGSEND = YES;
				ENABLE_TESTABILITY = YES;
				ENABLE_USER_SCRIPT_SANDBOXING = YES;
				GCC_C_LANGUAGE_STANDARD = gnu17;
				GCC_DYNAMIC_NO_PIC = NO;
				GCC_NO_COMMON_BLOCKS = YES;
				GCC_OPTIMIZATION_LEVEL = 0;
				GCC_PREPROCESSOR_DEFINITIONS = (
					"DEBUG=1",
					"$(inherited)",
				);
				GCC_WARN_64_TO_32_BIT_CONVERSION = YES;
				GCC_WARN_ABOUT_RETURN_TYPE = YES_ERROR;
				GCC_WARN_UNDECLARED_SELECTOR = YES;
				GCC_WARN_UNINITIALIZED_AUTOS = YES_AGGRESSIVE;
				GCC_WARN_UNUSED_FUNCTION = YES;
				GCC_WARN_UNUSED_VARIABLE = YES;
				IPHONEOS_DEPLOYMENT_TARGET = 17.2;
				LOCALIZATION_PREFERS_STRING_CATALOGS = YES;
				MTL_ENABLE_DEBUG_INFO = INCLUDE_SOURCE;
				MTL_FAST_MATH = YES;
				ONLY_ACTIVE_ARCH = YES;
				SDKROOT = iphoneos;
				SWIFT_ACTIVE_COMPILATION_CONDITIONS = "DEBUG $(inherited)";
				SWIFT_OPTIMIZATION_LEVEL = "-Onone";
			};
			name = Debug;
		};
		8B2A26422C1D5A6800C1D648 /* Release */ = {
			isa = XCBuildConfiguration;
			buildSettings = {
				ALWAYS_SEARCH_USER_PATHS = NO;
				ASSETCATALOG_COMPILER_GENERATE_SWIFT_ASSET_SYMBOL_EXTENSIONS = YES;
				CLANG_ANALYZER_NONNULL = YES;
				CLANG_ANALYZER_NUMBER_OBJECT_CONVERSION = YES_AGGRESSIVE;
				CLANG_CXX_LANGUAGE_STANDARD = "gnu++20";
				CLANG_ENABLE_MODULES = YES;
				CLANG_ENABLE_OBJC_ARC = YES;
				CLANG_ENABLE_OBJC_WEAK = YES;
				CLANG_WARN_BLOCK_CAPTURE_AUTORELEASING = YES;
				CLANG_WARN_BOOL_CONVERSION = YES;
				CLANG_WARN_COMMA = YES;
				CLANG_WARN_CONSTANT_CONVERSION = YES;
				CLANG_WARN_DEPRECATED_OBJC_IMPLEMENTATIONS = YES;
				CLANG_WARN_DIRECT_OBJC_ISA_USAGE = YES_ERROR;
				CLANG_WARN_DOCUMENTATION_COMMENTS = YES;
				CLANG_WARN_EMPTY_BODY = YES;
				CLANG_WARN_ENUM_CONVERSION = YES;
				CLANG_WARN_INFINITE_RECURSION = YES;
				CLANG_WARN_INT_CONVERSION = YES;
				CLANG_WARN_NON_LITERAL_NULL_CONVERSION = YES;
				CLANG_WARN_OBJC_IMPLICIT_RETAIN_SELF = YES;
				CLANG_WARN_OBJC_LITERAL_CONVERSION = YES;
				CLANG_WARN_OBJC_ROOT_CLASS = YES_ERROR;
				CLANG_WARN_QUOTED_INCLUDE_IN_FRAMEWORK_HEADER = YES;
				CLANG_WARN_RANGE_LOOP_ANALYSIS = YES;
				CLANG_WARN_STRICT_PROTOTYPES = YES;
				CLANG_WARN_SUSPICIOUS_MOVE = YES;
				CLANG_WARN_UNGUARDED_AVAILABILITY = YES_AGGRESSIVE;
				CLANG_WARN_UNREACHABLE_CODE = YES;
				CLANG_WARN__DUPLICATE_METHOD_MATCH = YES;
				COPY_PHASE_STRIP = NO;
				DEBUG_INFORMATION_FORMAT = "dwarf-with-dsym";
				ENABLE_NS_ASSERTIONS = NO;
				ENABLE_STRICT_OBJC_MSGSEND = YES;
				ENABLE_USER_SCRIPT_SANDBOXING = YES;
				GCC_C_LANGUAGE_STANDARD = gnu17;
				GCC_NO_COMMON_BLOCKS = YES;
				GCC_WARN_64_TO_32_BIT_CONVERSION = YES;
				GCC_WARN_ABOUT_RETURN_TYPE = YES_ERROR;
				GCC_WARN_UNDECLARED_SELECTOR = YES;
				GCC_WARN_UNINITIALIZED_AUTOS = YES_AGGRESSIVE;
				GCC_WARN_UNUSED_FUNCTION = YES;
				GCC_WARN_UNUSED_VARIABLE = YES;
				IPHONEOS_DEPLOYMENT_TARGET = 17.2;
				LOCALIZATION_PREFERS_STRING_CATALOGS = YES;
				MTL_ENABLE_DEBUG_INFO = NO;
				MTL_FAST_MATH = YES;
				SDKROOT = iphoneos;
				SWIFT_COMPILATION_MODE = wholemodule;
				VALIDATE_PRODUCT = YES;
			};
			name = Release;
		};
		8B2A26442C1D5A6800C1D648 /* Debug */ = {
			isa = XCBuildConfiguration;
			buildSettings = {
				ASSETCATALOG_COMPILER_APPICON_NAME = AppIcon;
				ASSETCATALOG_COMPILER_GLOBAL_ACCENT_COLOR_NAME = AccentColor;
				CODE_SIGN_STYLE = Automatic;
				CURRENT_PROJECT_VERSION = 1;
				GENERATE_INFOPLIST_FILE = YES;
				INFOPLIST_FILE = "iOS Assignment/Info.plist";
				INFOPLIST_KEY_UIApplicationSupportsIndirectInputEvents = YES;
				INFOPLIST_KEY_UILaunchStoryboardName = LaunchScreen;
				INFOPLIST_KEY_UIMainStoryboardFile = Main;
				INFOPLIST_KEY_UISupportedInterfaceOrientations_iPad = "UIInterfaceOrientationPortrait UIInterfaceOrientationPortraitUpsideDown UIInterfaceOrientationLandscapeLeft UIInterfaceOrientationLandscapeRight";
				INFOPLIST_KEY_UISupportedInterfaceOrientations_iPhone = "UIInterfaceOrientationPortrait UIInterfaceOrientationLandscapeLeft UIInterfaceOrientationLandscapeRight";
				LD_RUNPATH_SEARCH_PATHS = (
					"$(inherited)",
					"@executable_path/Frameworks",
				);
				MARKETING_VERSION = 1.0;
				PRODUCT_BUNDLE_IDENTIFIER = "test.iOS-Assignment";
				PRODUCT_NAME = "$(TARGET_NAME)";
				SWIFT_EMIT_LOC_STRINGS = YES;
				SWIFT_VERSION = 5.0;
				TARGETED_DEVICE_FAMILY = "1,2";
			};
			name = Debug;
		};
		8B2A26452C1D5A6800C1D648 /* Release */ = {
			isa = XCBuildConfiguration;
			buildSettings = {
				ASSETCATALOG_COMPILER_APPICON_NAME = AppIcon;
				ASSETCATALOG_COMPILER_GLOBAL_ACCENT_COLOR_NAME = AccentColor;
				CODE_SIGN_STYLE = Automatic;
				CURRENT_PROJECT_VERSION = 1;
				GENERATE_INFOPLIST_FILE = YES;
				INFOPLIST_FILE = "iOS Assignment/Info.plist";
				INFOPLIST_KEY_UIApplicationSupportsIndirectInputEvents = YES;
				INFOPLIST_KEY_UILaunchStoryboardName = LaunchScreen;
				INFOPLIST_KEY_UIMainStoryboardFile = Main;
				INFOPLIST_KEY_UISupportedInterfaceOrientations_iPad = "UIInterfaceOrientationPortrait UIInterfaceOrientationPortraitUpsideDown UIInterfaceOrientationLandscapeLeft UIInterfaceOrientationLandscapeRight";
				INFOPLIST_KEY_UISupportedInterfaceOrientations_iPhone = "UIInterfaceOrientationPortrait UIInterfaceOrientationLandscapeLeft UIInterfaceOrientationLandscapeRight";
				LD_RUNPATH_SEARCH_PATHS = (
					"$(inherited)",
					"@executable_path/Frameworks",
				);
				MARKETING_VERSION = 1.0;
				PRODUCT_BUNDLE_IDENTIFIER = "test.iOS-Assignment";
				PRODUCT_NAME = "$(TARGET_NAME)";
				SWIFT_EMIT_LOC_STRINGS = YES;
				SWIFT_VERSION = 5.0;
				TARGETED_DEVICE_FAMILY = "1,2";
			};
			name = Release;
		};
		8B2A26472C1D5A6800C1D648 /* Debug */ = {
			isa = XCBuildConfiguration;
			buildSettings = {
				ALWAYS_EMBED_SWIFT_STANDARD_LIBRARIES = YES;
				BUNDLE_LOADER = "$(TEST_HOST)";
				CODE_SIGN_STYLE = Automatic;
				CURRENT_PROJECT_VERSION = 1;
				GENERATE_INFOPLIST_FILE = YES;
				IPHONEOS_DEPLOYMENT_TARGET = 17.2;
				MARKETING_VERSION = 1.0;
				PRODUCT_BUNDLE_IDENTIFIER = "test.iOS-AssignmentTests";
				PRODUCT_NAME = "$(TARGET_NAME)";
				SWIFT_EMIT_LOC_STRINGS = NO;
				SWIFT_VERSION = 5.0;
				TARGETED_DEVICE_FAMILY = "1,2";
				TEST_HOST = "$(BUILT_PRODUCTS_DIR)/iOS Assignment.app/$(BUNDLE_EXECUTABLE_FOLDER_PATH)/iOS Assignment";
			};
			name = Debug;
		};
		8B2A26482C1D5A6800C1D648 /* Release */ = {
			isa = XCBuildConfiguration;
			buildSettings = {
				ALWAYS_EMBED_SWIFT_STANDARD_LIBRARIES = YES;
				BUNDLE_LOADER = "$(TEST_HOST)";
				CODE_SIGN_STYLE = Automatic;
				CURRENT_PROJECT_VERSION = 1;
				GENERATE_INFOPLIST_FILE = YES;
				IPHONEOS_DEPLOYMENT_TARGET = 17.2;
				MARKETING_VERSION = 1.0;
				PRODUCT_BUNDLE_IDENTIFIER = "test.iOS-AssignmentTests";
				PRODUCT_NAME = "$(TARGET_NAME)";
				SWIFT_EMIT_LOC_STRINGS = NO;
				SWIFT_VERSION = 5.0;
				TARGETED_DEVICE_FAMILY = "1,2";
				TEST_HOST = "$(BUILT_PRODUCTS_DIR)/iOS Assignment.app/$(BUNDLE_EXECUTABLE_FOLDER_PATH)/iOS Assignment";
			};
			name = Release;
		};
		8B2A264A2C1D5A6800C1D648 /* Debug */ = {
			isa = XCBuildConfiguration;
			buildSettings = {
				ALWAYS_EMBED_SWIFT_STANDARD_LIBRARIES = YES;
				CODE_SIGN_STYLE = Automatic;
				CURRENT_PROJECT_VERSION = 1;
				GENERATE_INFOPLIST_FILE = YES;
				MARKETING_VERSION = 1.0;
				PRODUCT_BUNDLE_IDENTIFIER = "test.iOS-AssignmentUITests";
				PRODUCT_NAME = "$(TARGET_NAME)";
				SWIFT_EMIT_LOC_STRINGS = NO;
				SWIFT_VERSION = 5.0;
				TARGETED_DEVICE_FAMILY = "1,2";
				TEST_TARGET_NAME = "iOS Assignment";
			};
			name = Debug;
		};
		8B2A264B2C1D5A6800C1D648 /* Release */ = {
			isa = XCBuildConfiguration;
			buildSettings = {
				ALWAYS_EMBED_SWIFT_STANDARD_LIBRARIES = YES;
				CODE_SIGN_STYLE = Automatic;
				CURRENT_PROJECT_VERSION = 1;
				GENERATE_INFOPLIST_FILE = YES;
				MARKETING_VERSION = 1.0;
				PRODUCT_BUNDLE_IDENTIFIER = "test.iOS-AssignmentUITests";
				PRODUCT_NAME = "$(TARGET_NAME)";
				SWIFT_EMIT_LOC_STRINGS = NO;
				SWIFT_VERSION = 5.0;
				TARGETED_DEVICE_FAMILY = "1,2";
				TEST_TARGET_NAME = "iOS Assignment";
			};
			name = Release;
		};
/* End XCBuildConfiguration section */

/* Begin XCConfigurationList section */
		8B2A26142C1D5A6700C1D648 /* Build configuration list for PBXProject "iOS Assignment" */ = {
			isa = XCConfigurationList;
			buildConfigurations = (
				8B2A26412C1D5A6800C1D648 /* Debug */,
				8B2A26422C1D5A6800C1D648 /* Release */,
			);
			defaultConfigurationIsVisible = 0;
			defaultConfigurationName = Release;
		};
		8B2A26432C1D5A6800C1D648 /* Build configuration list for PBXNativeTarget "iOS Assignment" */ = {
			isa = XCConfigurationList;
			buildConfigurations = (
				8B2A26442C1D5A6800C1D648 /* Debug */,
				8B2A26452C1D5A6800C1D648 /* Release */,
			);
			defaultConfigurationIsVisible = 0;
			defaultConfigurationName = Release;
		};
		8B2A26462C1D5A6800C1D648 /* Build configuration list for PBXNativeTarget "iOS AssignmentTests" */ = {
			isa = XCConfigurationList;
			buildConfigurations = (
				8B2A26472C1D5A6800C1D648 /* Debug */,
				8B2A26482C1D5A6800C1D648 /* Release */,
			);
			defaultConfigurationIsVisible = 0;
			defaultConfigurationName = Release;
		};
		8B2A26492C1D5A6800C1D648 /* Build configuration list for PBXNativeTarget "iOS AssignmentUITests" */ = {
			isa = XCConfigurationList;
			buildConfigurations = (
				8B2A264A2C1D5A6800C1D648 /* Debug */,
				8B2A264B2C1D5A6800C1D648 /* Release */,
			);
			defaultConfigurationIsVisible = 0;
			defaultConfigurationName = Release;
		};
/* End XCConfigurationList section */
	};
	rootObject = 8B2A26112C1D5A6700C1D648 /* Project object */;
}
